
Microsoft Visual Studio Solution File, Format Version 12.00
# Visual Studio Version 17
VisualStudioVersion = 17.8.34511.84
MinimumVisualStudioVersion = 10.0.40219.1
Project("{FAE04EC0-301F-11D3-BF4B-00C04F79EFBC}") = "TicTacToe", "TicTacToe.csproj", "{81343606-49AC-444C-9582-964887249F02}"
EndProject
Global
	GlobalSection(SolutionConfigurationPlatforms) = preSolution
		Debug|Any CPU = Debug|Any CPU
		Release|Any CPU = Release|Any CPU
	EndGlobalSection
	GlobalSection(ProjectConfigurationPlatforms) = postSolution
		{81343606-49AC-444C-9582-964887249F02}.Debug|Any CPU.ActiveCfg = Debug|Any CPU
		{81343606-49AC-444C-9582-964887249F02}.Debug|Any CPU.Build.0 = Debug|Any CPU
		{81343606-49AC-444C-9582-964887249F02}.Release|Any CPU.ActiveCfg = Release|Any CPU
		{81343606-49AC-444C-9582-964887249F02}.Release|Any CPU.Build.0 = Release|Any CPU
	EndGlobalSection
	GlobalSection(SolutionProperties) = preSolution
		HideSolutionNode = FALSE
	EndGlobalSection
	GlobalSection(ExtensibilityGlobals) = postSolution
		SolutionGuid = {CA7D7CDD-8A8F-46DD-B608-6A89BBB4CAF3}
	EndGlobalSection
EndGlobal
